
Microsoft Visual Studio Solution File, Format Version 12.00
# Visual Studio Version 17
VisualStudioVersion = 17.0.31903.59
MinimumVisualStudioVersion = 10.0.40219.1
Project("{FAE04EC0-301F-11D3-BF4B-00C04F79EFBC}") = "Domain", "Domain\Domain.csproj", "{E3EE7A93-0CC3-4B79-BA5C-DA0C146B9EB4}"
EndProject
Project("{FAE04EC0-301F-11D3-BF4B-00C04F79EFBC}") = "Infrastructure", "Infrastructure\Infrastructure.csproj", "{30884A1D-B4D6-4BF1-A48E-CC1AAE60ACBE}"
EndProject
Project("{FAE04EC0-301F-11D3-BF4B-00C04F79EFBC}") = "Web", "Web\Web.csproj", "{AAD477C7-7D45-4934-AA06-2C0C8021FC31}"
EndProject
Global
	GlobalSection(SolutionConfigurationPlatforms) = preSolution
		Debug|Any CPU = Debug|Any CPU
		Release|Any CPU = Release|Any CPU
	EndGlobalSection
	GlobalSection(SolutionProperties) = preSolution
		HideSolutionNode = FALSE
	EndGlobalSection
	GlobalSection(ProjectConfigurationPlatforms) = postSolution
		{E3EE7A93-0CC3-4B79-BA5C-DA0C146B9EB4}.Debug|Any CPU.ActiveCfg = Debug|Any CPU
		{E3EE7A93-0CC3-4B79-BA5C-DA0C146B9EB4}.Debug|Any CPU.Build.0 = Debug|Any CPU
		{E3EE7A93-0CC3-4B79-BA5C-DA0C146B9EB4}.Release|Any CPU.ActiveCfg = Release|Any CPU
		{E3EE7A93-0CC3-4B79-BA5C-DA0C146B9EB4}.Release|Any CPU.Build.0 = Release|Any CPU
		{30884A1D-B4D6-4BF1-A48E-CC1AAE60ACBE}.Debug|Any CPU.ActiveCfg = Debug|Any CPU
		{30884A1D-B4D6-4BF1-A48E-CC1AAE60ACBE}.Debug|Any CPU.Build.0 = Debug|Any CPU
		{30884A1D-B4D6-4BF1-A48E-CC1AAE60ACBE}.Release|Any CPU.ActiveCfg = Release|Any CPU
		{30884A1D-B4D6-4BF1-A48E-CC1AAE60ACBE}.Release|Any CPU.Build.0 = Release|Any CPU
		{AAD477C7-7D45-4934-AA06-2C0C8021FC31}.Debug|Any CPU.ActiveCfg = Debug|Any CPU
		{AAD477C7-7D45-4934-AA06-2C0C8021FC31}.Debug|Any CPU.Build.0 = Debug|Any CPU
		{AAD477C7-7D45-4934-AA06-2C0C8021FC31}.Release|Any CPU.ActiveCfg = Release|Any CPU
		{AAD477C7-7D45-4934-AA06-2C0C8021FC31}.Release|Any CPU.Build.0 = Release|Any CPU
	EndGlobalSection
EndGlobal
